{
  "name": "@plainviz/api",
  "version": "0.1.0",
  "lockfileVersion": 3,
  "requires": true,
  "packages": {
    "": {
      "name": "@plainviz/api",
      "version": "0.1.0",
      "dependencies": {
        "@plainviz/core": "^0.2.0",
        "@plainviz/render-svg": "^0.2.0"
      },
      "devDependencies": {
        "@types/node": "^20.0.0",
        "@vercel/node": "^5.5.16",
        "typescript": "^5.7.2",
        "vercel": "^39.0.0"
      }
    },
    "../../node_modules/.pnpm/@plainviz+core@0.2.0/node_modules/@plainviz/core": {
      "version": "0.2.0",
      "license": "MIT",
      "devDependencies": {
        "typescript": "^5.7.2",
        "vitest": "^3.0.0"
      }
    },
    "../../node_modules/.pnpm/@plainviz+render-svg@0.2.0/node_modules/@plainviz/render-svg": {
      "version": "0.2.0",
      "license": "MIT",
      "dependencies": {
        "@plainviz/core": "^0.2.0"
      },
      "devDependencies": {
        "typescript": "^5.7.2"
      }
    },
    "../../node_modules/.pnpm/@types+node@20.19.27/node_modules/@types/node": {
      "version": "20.19.27",
      "dev": true,
      "license": "MIT",
      "dependencies": {
        "undici-types": "~6.21.0"
      }
    },
    "../../node_modules/.pnpm/@vercel+node@5.5.16_rollup@4.54.0/node_modules/@vercel/node": {
      "version": "5.5.16",
      "dev": true,
      "license": "Apache-2.0",
      "dependencies": {
        "@edge-runtime/node-utils": "2.3.0",
        "@edge-runtime/primitives": "4.1.0",
        "@edge-runtime/vm": "3.2.0",
        "@types/node": "16.18.11",
        "@vercel/build-utils": "13.2.4",
        "@vercel/error-utils": "2.0.3",
        "@vercel/nft": "1.1.1",
        "@vercel/static-config": "3.1.2",
        "async-listen": "3.0.0",
        "cjs-module-lexer": "1.2.3",
        "edge-runtime": "2.5.9",
        "es-module-lexer": "1.4.1",
        "esbuild": "0.14.47",
        "etag": "1.8.1",
        "mime-types": "2.1.35",
        "node-fetch": "2.6.9",
        "path-to-regexp": "6.1.0",
        "path-to-regexp-updated": "npm:path-to-regexp@6.3.0",
        "ts-morph": "12.0.0",
        "ts-node": "10.9.1",
        "typescript": "4.9.5",
        "typescript5": "npm:typescript@5.9.3",
        "undici": "5.28.4"
      },
      "devDependencies": {
        "@babel/core": "7.24.4",
        "@babel/plugin-transform-modules-commonjs": "7.24.1",
        "@babel/preset-typescript": "7.26.0",
        "@tootallnate/once": "1.1.2",
        "@types/aws-lambda": "8.10.19",
        "@types/content-type": "1.1.5",
        "@types/cookie": "0.3.3",
        "@types/etag": "1.8.0",
        "@types/jest": "29.5.0",
        "@types/mime-types": "2.1.4",
        "@vercel/functions": "3.3.4",
        "@vitest/expect": "1.4.0",
        "content-type": "1.0.5",
        "cookie": "0.7.0",
        "cross-env": "7.0.3",
        "execa": "3.2.0",
        "fs-extra": "11.1.0",
        "glob": "10.3.16",
        "jest-junit": "16.0.0",
        "source-map-support": "0.5.12",
        "tree-kill": "1.2.2",
        "vite": "^5.1.6",
        "vitest": "^2.0.1"
      }
    },
    "../../node_modules/.pnpm/typescript@5.7.3/node_modules/typescript": {
      "version": "5.7.3",
      "dev": true,
      "license": "Apache-2.0",
      "bin": {
        "tsc": "bin/tsc",
        "tsserver": "bin/tsserver"
      },
      "devDependencies": {
        "@dprint/formatter": "^0.4.1",
        "@dprint/typescript": "0.93.0",
        "@esfx/canceltoken": "^1.0.0",
        "@eslint/js": "^9.11.1",
        "@octokit/rest": "^21.0.2",
        "@types/chai": "^4.3.20",
        "@types/diff": "^5.2.2",
        "@types/minimist": "^1.2.5",
        "@types/mocha": "^10.0.8",
        "@types/ms": "^0.7.34",
        "@types/node": "latest",
        "@types/source-map-support": "^0.5.10",
        "@types/which": "^3.0.4",
        "@typescript-eslint/rule-tester": "^8.8.0",
        "@typescript-eslint/type-utils": "^8.8.0",
        "@typescript-eslint/utils": "^8.8.0",
        "azure-devops-node-api": "^14.1.0",
        "c8": "^10.1.2",
        "chai": "^4.5.0",
        "chalk": "^4.1.2",
        "chokidar": "^3.6.0",
        "diff": "^5.2.0",
        "dprint": "^0.47.2",
        "esbuild": "^0.24.0",
        "eslint": "^9.11.1",
        "eslint-formatter-autolinkable-stylish": "^1.4.0",
        "eslint-plugin-regexp": "^2.6.0",
        "fast-xml-parser": "^4.5.0",
        "glob": "^10.4.5",
        "globals": "^15.9.0",
        "hereby": "^1.10.0",
        "jsonc-parser": "^3.3.1",
        "knip": "^5.30.6",
        "minimist": "^1.2.8",
        "mocha": "^10.7.3",
        "mocha-fivemat-progress-reporter": "^0.1.0",
        "monocart-coverage-reports": "^2.11.0",
        "ms": "^2.1.3",
        "playwright": "^1.47.2",
        "source-map-support": "^0.5.21",
        "tslib": "^2.7.0",
        "typescript": "^5.6.2",
        "typescript-eslint": "^8.8.0",
        "which": "^3.0.1"
      },
      "engines": {
        "node": ">=14.17"
      }
    },
    "../../node_modules/.pnpm/vercel@39.4.2_rollup@4.54.0/node_modules/vercel": {
      "version": "39.4.2",
      "dev": true,
      "license": "Apache-2.0",
      "dependencies": {
        "@vercel/build-utils": "9.1.0",
        "@vercel/fun": "1.1.2",
        "@vercel/go": "3.2.1",
        "@vercel/hydrogen": "1.0.11",
        "@vercel/next": "4.4.4",
        "@vercel/node": "5.0.4",
        "@vercel/python": "4.7.1",
        "@vercel/redwood": "2.1.13",
        "@vercel/remix-builder": "5.1.1",
        "@vercel/ruby": "2.2.0",
        "@vercel/static-build": "2.5.43",
        "chokidar": "4.0.0"
      },
      "bin": {
        "vc": "dist/vc.js",
        "vercel": "dist/vc.js"
      },
      "devDependencies": {
        "@alex_neo/jest-expect-message": "1.0.5",
        "@edge-runtime/node-utils": "2.3.0",
        "@inquirer/checkbox": "2.2.2",
        "@inquirer/confirm": "3.1.2",
        "@inquirer/expand": "2.1.2",
        "@inquirer/input": "2.1.2",
        "@inquirer/select": "2.2.2",
        "@next/env": "11.1.2",
        "@sentry/node": "7.120.1",
        "@sindresorhus/slugify": "0.11.0",
        "@swc/core": "1.2.218",
        "@tootallnate/once": "1.1.2",
        "@types/async-retry": "1.2.1",
        "@types/bytes": "3.0.0",
        "@types/chance": "1.1.3",
        "@types/debug": "0.0.31",
        "@types/dotenv": "6.1.1",
        "@types/escape-html": "0.0.20",
        "@types/fs-extra": "9.0.13",
        "@types/glob": "7.1.1",
        "@types/http-proxy": "1.16.2",
        "@types/ini": "1.3.31",
        "@types/jest": "27.4.1",
        "@types/jest-expect-message": "1.0.3",
        "@types/json-parse-better-errors": "1.0.0",
        "@types/load-json-file": "2.0.7",
        "@types/mime-types": "2.1.0",
        "@types/minimatch": "3.0.3",
        "@types/ms": "0.7.30",
        "@types/node": "14.18.33",
        "@types/node-fetch": "2.5.10",
        "@types/npm-package-arg": "6.1.0",
        "@types/pluralize": "0.0.29",
        "@types/qs": "6.9.7",
        "@types/semver": "6.0.1",
        "@types/split2": "4.2.3",
        "@types/tar-fs": "1.16.1",
        "@types/title": "3.4.1",
        "@types/update-notifier": "5.1.0",
        "@types/which": "3.0.0",
        "@types/write-json-file": "2.2.1",
        "@types/yauzl-promise": "2.1.0",
        "@vercel-internals/constants": "1.0.4",
        "@vercel-internals/get-package-json": "1.0.0",
        "@vercel-internals/types": "3.0.6",
        "@vercel/client": "13.5.6",
        "@vercel/error-utils": "2.0.3",
        "@vercel/frameworks": "3.5.0",
        "@vercel/fs-detectors": "5.3.4",
        "@vercel/routing-utils": "5.0.1",
        "@vitest/expect": "2.1.3",
        "ajv": "6.12.3",
        "alpha-sort": "2.0.1",
        "ansi-escapes": "4.3.2",
        "ansi-regex": "5.0.1",
        "arg": "5.0.0",
        "async-listen": "3.0.0",
        "async-retry": "1.1.3",
        "async-sema": "2.1.4",
        "bytes": "3.0.0",
        "chalk": "4.1.0",
        "chance": "1.1.7",
        "ci-info": "4.1.0",
        "cli-table3": "0.6.3",
        "codecov": "3.8.2",
        "date-fns": "1.29.0",
        "debug": "3.1.0",
        "dot": "1.1.3",
        "dotenv": "4.0.0",
        "email-validator": "1.1.1",
        "epipebomb": "1.0.0",
        "escape-html": "1.0.3",
        "esm": "3.1.4",
        "execa": "3.2.0",
        "expect": "29.5.0",
        "express": "4.21.1",
        "fast-deep-equal": "3.1.3",
        "find-up": "4.1.0",
        "fs-extra": "10.0.0",
        "get-port": "5.1.1",
        "git-last-commit": "1.0.1",
        "glob": "7.1.2",
        "http-proxy": "1.18.1",
        "ini": "3.0.0",
        "is-docker": "2.2.1",
        "is-port-reachable": "3.1.0",
        "is-url": "1.2.2",
        "jaro-winkler": "0.2.8",
        "jest-junit": "16.0.0",
        "jest-matcher-utils": "29.3.1",
        "json-parse-better-errors": "1.0.2",
        "jsonlines": "0.1.1",
        "line-async-iterator": "3.0.0",
        "load-json-file": "3.0.0",
        "memfs": "4.14.0",
        "mime-types": "2.1.24",
        "minimatch": "3.1.2",
        "ms": "2.1.2",
        "node-fetch": "2.6.7",
        "npm-package-arg": "6.1.0",
        "open": "8.4.0",
        "ora": "3.4.0",
        "pcre-to-regexp": "1.0.0",
        "pluralize": "7.0.0",
        "promisepipe": "3.0.0",
        "proxy": "2.1.1",
        "proxy-agent": "6.4.0",
        "qr-image": "3.2.0",
        "raw-body": "2.4.1",
        "rimraf": "3.0.2",
        "semver": "5.7.2",
        "serve-handler": "6.1.1",
        "split2": "4.2.0",
        "strip-ansi": "6.0.1",
        "supports-hyperlinks": "3.0.0",
        "tar-fs": "1.16.3",
        "title": "3.4.1",
        "tldts": "6.1.47",
        "tmp-promise": "1.0.3",
        "tree-kill": "1.2.2",
        "ts-node": "10.9.1",
        "utility-types": "2.1.0",
        "vite": "^5.1.6",
        "vitest": "^2.1.3",
        "which": "3.0.0",
        "write-json-file": "2.2.0",
        "xdg-app-paths": "5.1.0",
        "yauzl-promise": "2.1.3"
      },
      "engines": {
        "node": ">= 16"
      }
    },
    "node_modules/@plainviz/core": {
      "resolved": "../../node_modules/.pnpm/@plainviz+core@0.2.0/node_modules/@plainviz/core",
      "link": true
    },
    "node_modules/@plainviz/render-svg": {
      "resolved": "../../node_modules/.pnpm/@plainviz+render-svg@0.2.0/node_modules/@plainviz/render-svg",
      "link": true
    },
    "node_modules/@types/node": {
      "resolved": "../../node_modules/.pnpm/@types+node@20.19.27/node_modules/@types/node",
      "link": true
    },
    "node_modules/@vercel/node": {
      "resolved": "../../node_modules/.pnpm/@vercel+node@5.5.16_rollup@4.54.0/node_modules/@vercel/node",
      "link": true
    },
    "node_modules/typescript": {
      "resolved": "../../node_modules/.pnpm/typescript@5.7.3/node_modules/typescript",
      "link": true
    },
    "node_modules/vercel": {
      "resolved": "../../node_modules/.pnpm/vercel@39.4.2_rollup@4.54.0/node_modules/vercel",
      "link": true
    }
  }
}
